
Microsoft Visual Studio Solution File, Format Version 12.00
# Visual Studio Version 16
VisualStudioVersion = 16.0.29503.13
MinimumVisualStudioVersion = 10.0.40219.1
Project("{9A19103F-16F7-4668-BE54-9A1E7A4F7556}") = "E-Shop", "E-Shop\E-Shop.csproj", "{C5831ACC-F644-4F52-95B8-D4B11E943212}"
EndProject
Global
	GlobalSection(SolutionConfigurationPlatforms) = preSolution
		Debug|Any CPU = Debug|Any CPU
		Release|Any CPU = Release|Any CPU
	EndGlobalSection
	GlobalSection(ProjectConfigurationPlatforms) = postSolution
		{C5831ACC-F644-4F52-95B8-D4B11E943212}.Debug|Any CPU.ActiveCfg = Debug|Any CPU
		{C5831ACC-F644-4F52-95B8-D4B11E943212}.Debug|Any CPU.Build.0 = Debug|Any CPU
		{C5831ACC-F644-4F52-95B8-D4B11E943212}.Release|Any CPU.ActiveCfg = Release|Any CPU
		{C5831ACC-F644-4F52-95B8-D4B11E943212}.Release|Any CPU.Build.0 = Release|Any CPU
	EndGlobalSection
	GlobalSection(SolutionProperties) = preSolution
		HideSolutionNode = FALSE
	EndGlobalSection
	GlobalSection(ExtensibilityGlobals) = postSolution
		SolutionGuid = {8686ECCB-5D0B-47BE-96D6-C52392AAB735}
	EndGlobalSection
EndGlobal
